
Microsoft Visual Studio Solution File, Format Version 12.00
# Visual Studio Version 17
VisualStudioVersion = 17.14.36109.1
MinimumVisualStudioVersion = 10.0.40219.1
Project("{FAE04EC0-301F-11D3-BF4B-00C04F79EFBC}") = "RenComponent", "RenComponent\RenComponent.csproj", "{BC281723-C6FD-4BDC-882B-DC9D0E5780E2}"
EndProject
Project("{FAE04EC0-301F-11D3-BF4B-00C04F79EFBC}") = "RenTestComponent", "RenTestComponent\RenTestComponent.csproj", "{2882B0D2-C8C4-47F8-BB7B-23A1DA7FE344}"
EndProject
Global
	GlobalSection(SolutionConfigurationPlatforms) = preSolution
		Debug|Any CPU = Debug|Any CPU
		Release|Any CPU = Release|Any CPU
	EndGlobalSection
	GlobalSection(ProjectConfigurationPlatforms) = postSolution
		{BC281723-C6FD-4BDC-882B-DC9D0E5780E2}.Debug|Any CPU.ActiveCfg = Debug|Any CPU
		{BC281723-C6FD-4BDC-882B-DC9D0E5780E2}.Debug|Any CPU.Build.0 = Debug|Any CPU
		{BC281723-C6FD-4BDC-882B-DC9D0E5780E2}.Release|Any CPU.ActiveCfg = Debug|Any CPU
		{BC281723-C6FD-4BDC-882B-DC9D0E5780E2}.Release|Any CPU.Build.0 = Debug|Any CPU
		{2882B0D2-C8C4-47F8-BB7B-23A1DA7FE344}.Debug|Any CPU.ActiveCfg = Debug|Any CPU
		{2882B0D2-C8C4-47F8-BB7B-23A1DA7FE344}.Debug|Any CPU.Build.0 = Debug|Any CPU
		{2882B0D2-C8C4-47F8-BB7B-23A1DA7FE344}.Release|Any CPU.ActiveCfg = Debug|Any CPU
		{2882B0D2-C8C4-47F8-BB7B-23A1DA7FE344}.Release|Any CPU.Build.0 = Debug|Any CPU
	EndGlobalSection
	GlobalSection(SolutionProperties) = preSolution
		HideSolutionNode = FALSE
	EndGlobalSection
	GlobalSection(ExtensibilityGlobals) = postSolution
		SolutionGuid = {418FF0C1-3150-429D-8800-FD6A5EFD1B4B}
	EndGlobalSection
EndGlobal
